
Microsoft Visual Studio Solution File, Format Version 12.00
Project("{FAE04EC0-301F-11D3-BF4B-00C04F79EFBC}") = "hw_task1", "hw_task1\hw_task1.csproj", "{24636B26-47C2-4318-A927-26415FD4F432}"
EndProject
Project("{2150E333-8FDC-42A3-9474-1A3956D46DE8}") = "Lesson1_HW", "Lesson1_HW", "{01E9C8D4-630F-4D9E-B1FF-F1F2451CE6CD}"
EndProject
Project("{FAE04EC0-301F-11D3-BF4B-00C04F79EFBC}") = "hw_task2", "hw_task2\hw_task2.csproj", "{82C36CFA-DEB4-4B3C-ADF6-80BD1AC81D13}"
EndProject
Project("{2150E333-8FDC-42A3-9474-1A3956D46DE8}") = "Lesson2_HW", "Lesson2_HW", "{7BC6470E-74BA-400F-B19B-B354592FC379}"
EndProject
Project("{FAE04EC0-301F-11D3-BF4B-00C04F79EFBC}") = "Notebook", "Notebook\Notebook.csproj", "{71ED1A0C-3B19-44AD-8CC6-A45BE7B9B77C}"
EndProject
Project("{2150E333-8FDC-42A3-9474-1A3956D46DE8}") = "Lesson3_HW", "Lesson3_HW", "{0220A88D-6BD5-435F-92C1-B2E29E5B3C2A}"
EndProject
Project("{FAE04EC0-301F-11D3-BF4B-00C04F79EFBC}") = "Micarosppoftle_Game", "Micarosppoftle_Game\Micarosppoftle_Game.csproj", "{C8910B47-DDD7-4876-B613-0A4FD7D4B139}"
EndProject
Project("{FAE04EC0-301F-11D3-BF4B-00C04F79EFBC}") = "Task1EvenOdd", "Task1EvenOdd\Task1EvenOdd.csproj", "{04080524-59C5-4E8C-BBAE-2809E6F49759}"
EndProject
Project("{FAE04EC0-301F-11D3-BF4B-00C04F79EFBC}") = "Task2_Blackjack", "Task2_Blackjack\Task2_Blackjack.csproj", "{895564E5-A9BD-47C0-BD6A-4BD074CEF791}"
EndProject
Project("{FAE04EC0-301F-11D3-BF4B-00C04F79EFBC}") = "Task3_PrimeNumbers", "Task3_PrimeNumbers\Task3_PrimeNumbers.csproj", "{BAD5F863-E2B9-46FB-9251-C5E30C380BF2}"
EndProject
Project("{2150E333-8FDC-42A3-9474-1A3956D46DE8}") = "Lesson4_HW", "Lesson4_HW", "{0577B3E8-EB9F-4D51-BCE6-CFED3D24086C}"
EndProject
Project("{FAE04EC0-301F-11D3-BF4B-00C04F79EFBC}") = "Task1_RandomMatrix", "Task1_RandomMatrix\Task1_RandomMatrix.csproj", "{A8167489-44EC-4C46-A96A-7A22DF2F5CCA}"
EndProject
Project("{FAE04EC0-301F-11D3-BF4B-00C04F79EFBC}") = "Task2_minValue", "Task2_minValue\Task2_minValue.csproj", "{B9288202-7636-4EB2-A823-1F3213BEDCCD}"
EndProject
Project("{FAE04EC0-301F-11D3-BF4B-00C04F79EFBC}") = "Task3_GuessNumber", "Task3_GuessNumber\Task3_GuessNumber.csproj", "{77576308-3C08-4B79-A23C-A2273921FC5F}"
EndProject
Project("{FAE04EC0-301F-11D3-BF4B-00C04F79EFBC}") = "Additional_task1_finances", "Additional_task1_finances\Additional_task1_finances.csproj", "{915BB4C0-8C77-4294-9848-8D631F981EE1}"
EndProject
Project("{FAE04EC0-301F-11D3-BF4B-00C04F79EFBC}") = "Additional_task2_PascalTriangle", "Additional_task2_PascalTriangle\Additional_task2_PascalTriangle.csproj", "{15989C3F-10DB-4F2B-9A82-98AD32B3DD42}"
EndProject
Project("{FAE04EC0-301F-11D3-BF4B-00C04F79EFBC}") = "Additional_task_3_1", "Additional_task_3_1\Additional_task_3_1.csproj", "{EC7BA3C2-5409-467E-A827-FADA072DE286}"
EndProject
Project("{FAE04EC0-301F-11D3-BF4B-00C04F79EFBC}") = "Additional_task_3_2", "Additional_task_3_2\Additional_task_3_2.csproj", "{5D0170D4-8935-4A74-90FA-BD19024AF0FD}"
EndProject
Project("{FAE04EC0-301F-11D3-BF4B-00C04F79EFBC}") = "Additional_task_3_3", "Additional_task_3_3\Additional_task_3_3.csproj", "{20224C6B-F93B-45B0-A9DC-B28A4D486A8B}"
EndProject
Project("{2150E333-8FDC-42A3-9474-1A3956D46DE8}") = "Lesson5_HW", "Lesson5_HW", "{F629B4D7-8A0E-4A4F-A228-1F5652656FD3}"
EndProject
Project("{FAE04EC0-301F-11D3-BF4B-00C04F79EFBC}") = "Task1_SplitString", "Task1_SplitString\Task1_SplitString.csproj", "{90B9BDF8-0F54-47BA-A6C0-3207E8AE3E89}"
EndProject
Project("{FAE04EC0-301F-11D3-BF4B-00C04F79EFBC}") = "Task2_ReverseWords", "Task2_ReverseWords\Task2_ReverseWords.csproj", "{38B96765-7607-44D3-B488-1CA936CE0BEF}"
EndProject
Project("{FAE04EC0-301F-11D3-BF4B-00C04F79EFBC}") = "Additional_Task2_1_MinWord", "Additional_Task2_1_MinWord\Additional_Task2_1_MinWord.csproj", "{EE2DF873-AC13-4B60-B621-C2E791BD1DD3}"
EndProject
Project("{FAE04EC0-301F-11D3-BF4B-00C04F79EFBC}") = "Additional_Task2_2_MaxWords", "Additional_Task2_2_MaxWords\Additional_Task2_2_MaxWords.csproj", "{067C87FD-062C-4250-91F5-EE4B6F013246}"
EndProject
Project("{FAE04EC0-301F-11D3-BF4B-00C04F79EFBC}") = "Additional_Task3", "Additional_Task3\Additional_Task3.csproj", "{414BF694-6B83-4B84-B6C2-E20364547FF6}"
EndProject
Project("{FAE04EC0-301F-11D3-BF4B-00C04F79EFBC}") = "Additional_Task_4", "Additional_Task_4\Additional_Task_4.csproj", "{2638108C-EA55-4DCB-AA50-040E0CC252CF}"
EndProject
Project("{FAE04EC0-301F-11D3-BF4B-00C04F79EFBC}") = "Additional_task_5_Ackerman", "Additional_task_5_Ackerman\Additional_task_5_Ackerman.csproj", "{F4753C3B-D366-4C0C-8DA6-D6A8E8F51CD1}"
EndProject
Global
	GlobalSection(SolutionConfigurationPlatforms) = preSolution
		Debug|Any CPU = Debug|Any CPU
		Release|Any CPU = Release|Any CPU
	EndGlobalSection
	GlobalSection(ProjectConfigurationPlatforms) = postSolution
		{24636B26-47C2-4318-A927-26415FD4F432}.Debug|Any CPU.ActiveCfg = Debug|Any CPU
		{24636B26-47C2-4318-A927-26415FD4F432}.Debug|Any CPU.Build.0 = Debug|Any CPU
		{24636B26-47C2-4318-A927-26415FD4F432}.Release|Any CPU.ActiveCfg = Release|Any CPU
		{24636B26-47C2-4318-A927-26415FD4F432}.Release|Any CPU.Build.0 = Release|Any CPU
		{82C36CFA-DEB4-4B3C-ADF6-80BD1AC81D13}.Debug|Any CPU.ActiveCfg = Debug|Any CPU
		{82C36CFA-DEB4-4B3C-ADF6-80BD1AC81D13}.Debug|Any CPU.Build.0 = Debug|Any CPU
		{82C36CFA-DEB4-4B3C-ADF6-80BD1AC81D13}.Release|Any CPU.ActiveCfg = Release|Any CPU
		{82C36CFA-DEB4-4B3C-ADF6-80BD1AC81D13}.Release|Any CPU.Build.0 = Release|Any CPU
		{71ED1A0C-3B19-44AD-8CC6-A45BE7B9B77C}.Debug|Any CPU.ActiveCfg = Debug|Any CPU
		{71ED1A0C-3B19-44AD-8CC6-A45BE7B9B77C}.Debug|Any CPU.Build.0 = Debug|Any CPU
		{71ED1A0C-3B19-44AD-8CC6-A45BE7B9B77C}.Release|Any CPU.ActiveCfg = Release|Any CPU
		{71ED1A0C-3B19-44AD-8CC6-A45BE7B9B77C}.Release|Any CPU.Build.0 = Release|Any CPU
		{C8910B47-DDD7-4876-B613-0A4FD7D4B139}.Debug|Any CPU.ActiveCfg = Debug|Any CPU
		{C8910B47-DDD7-4876-B613-0A4FD7D4B139}.Debug|Any CPU.Build.0 = Debug|Any CPU
		{C8910B47-DDD7-4876-B613-0A4FD7D4B139}.Release|Any CPU.ActiveCfg = Release|Any CPU
		{C8910B47-DDD7-4876-B613-0A4FD7D4B139}.Release|Any CPU.Build.0 = Release|Any CPU
		{04080524-59C5-4E8C-BBAE-2809E6F49759}.Debug|Any CPU.ActiveCfg = Debug|Any CPU
		{04080524-59C5-4E8C-BBAE-2809E6F49759}.Debug|Any CPU.Build.0 = Debug|Any CPU
		{04080524-59C5-4E8C-BBAE-2809E6F49759}.Release|Any CPU.ActiveCfg = Release|Any CPU
		{04080524-59C5-4E8C-BBAE-2809E6F49759}.Release|Any CPU.Build.0 = Release|Any CPU
		{895564E5-A9BD-47C0-BD6A-4BD074CEF791}.Debug|Any CPU.ActiveCfg = Debug|Any CPU
		{895564E5-A9BD-47C0-BD6A-4BD074CEF791}.Debug|Any CPU.Build.0 = Debug|Any CPU
		{895564E5-A9BD-47C0-BD6A-4BD074CEF791}.Release|Any CPU.ActiveCfg = Release|Any CPU
		{895564E5-A9BD-47C0-BD6A-4BD074CEF791}.Release|Any CPU.Build.0 = Release|Any CPU
		{BAD5F863-E2B9-46FB-9251-C5E30C380BF2}.Debug|Any CPU.ActiveCfg = Debug|Any CPU
		{BAD5F863-E2B9-46FB-9251-C5E30C380BF2}.Debug|Any CPU.Build.0 = Debug|Any CPU
		{BAD5F863-E2B9-46FB-9251-C5E30C380BF2}.Release|Any CPU.ActiveCfg = Release|Any CPU
		{BAD5F863-E2B9-46FB-9251-C5E30C380BF2}.Release|Any CPU.Build.0 = Release|Any CPU
		{A8167489-44EC-4C46-A96A-7A22DF2F5CCA}.Debug|Any CPU.ActiveCfg = Debug|Any CPU
		{A8167489-44EC-4C46-A96A-7A22DF2F5CCA}.Debug|Any CPU.Build.0 = Debug|Any CPU
		{A8167489-44EC-4C46-A96A-7A22DF2F5CCA}.Release|Any CPU.ActiveCfg = Release|Any CPU
		{A8167489-44EC-4C46-A96A-7A22DF2F5CCA}.Release|Any CPU.Build.0 = Release|Any CPU
		{B9288202-7636-4EB2-A823-1F3213BEDCCD}.Debug|Any CPU.ActiveCfg = Debug|Any CPU
		{B9288202-7636-4EB2-A823-1F3213BEDCCD}.Debug|Any CPU.Build.0 = Debug|Any CPU
		{B9288202-7636-4EB2-A823-1F3213BEDCCD}.Release|Any CPU.ActiveCfg = Release|Any CPU
		{B9288202-7636-4EB2-A823-1F3213BEDCCD}.Release|Any CPU.Build.0 = Release|Any CPU
		{77576308-3C08-4B79-A23C-A2273921FC5F}.Debug|Any CPU.ActiveCfg = Debug|Any CPU
		{77576308-3C08-4B79-A23C-A2273921FC5F}.Debug|Any CPU.Build.0 = Debug|Any CPU
		{77576308-3C08-4B79-A23C-A2273921FC5F}.Release|Any CPU.ActiveCfg = Release|Any CPU
		{77576308-3C08-4B79-A23C-A2273921FC5F}.Release|Any CPU.Build.0 = Release|Any CPU
		{915BB4C0-8C77-4294-9848-8D631F981EE1}.Debug|Any CPU.ActiveCfg = Debug|Any CPU
		{915BB4C0-8C77-4294-9848-8D631F981EE1}.Debug|Any CPU.Build.0 = Debug|Any CPU
		{915BB4C0-8C77-4294-9848-8D631F981EE1}.Release|Any CPU.ActiveCfg = Release|Any CPU
		{915BB4C0-8C77-4294-9848-8D631F981EE1}.Release|Any CPU.Build.0 = Release|Any CPU
		{15989C3F-10DB-4F2B-9A82-98AD32B3DD42}.Debug|Any CPU.ActiveCfg = Debug|Any CPU
		{15989C3F-10DB-4F2B-9A82-98AD32B3DD42}.Debug|Any CPU.Build.0 = Debug|Any CPU
		{15989C3F-10DB-4F2B-9A82-98AD32B3DD42}.Release|Any CPU.ActiveCfg = Release|Any CPU
		{15989C3F-10DB-4F2B-9A82-98AD32B3DD42}.Release|Any CPU.Build.0 = Release|Any CPU
		{EC7BA3C2-5409-467E-A827-FADA072DE286}.Debug|Any CPU.ActiveCfg = Debug|Any CPU
		{EC7BA3C2-5409-467E-A827-FADA072DE286}.Debug|Any CPU.Build.0 = Debug|Any CPU
		{EC7BA3C2-5409-467E-A827-FADA072DE286}.Release|Any CPU.ActiveCfg = Release|Any CPU
		{EC7BA3C2-5409-467E-A827-FADA072DE286}.Release|Any CPU.Build.0 = Release|Any CPU
		{5D0170D4-8935-4A74-90FA-BD19024AF0FD}.Debug|Any CPU.ActiveCfg = Debug|Any CPU
		{5D0170D4-8935-4A74-90FA-BD19024AF0FD}.Debug|Any CPU.Build.0 = Debug|Any CPU
		{5D0170D4-8935-4A74-90FA-BD19024AF0FD}.Release|Any CPU.ActiveCfg = Release|Any CPU
		{5D0170D4-8935-4A74-90FA-BD19024AF0FD}.Release|Any CPU.Build.0 = Release|Any CPU
		{20224C6B-F93B-45B0-A9DC-B28A4D486A8B}.Debug|Any CPU.ActiveCfg = Debug|Any CPU
		{20224C6B-F93B-45B0-A9DC-B28A4D486A8B}.Debug|Any CPU.Build.0 = Debug|Any CPU
		{20224C6B-F93B-45B0-A9DC-B28A4D486A8B}.Release|Any CPU.ActiveCfg = Release|Any CPU
		{20224C6B-F93B-45B0-A9DC-B28A4D486A8B}.Release|Any CPU.Build.0 = Release|Any CPU
		{90B9BDF8-0F54-47BA-A6C0-3207E8AE3E89}.Debug|Any CPU.ActiveCfg = Debug|Any CPU
		{90B9BDF8-0F54-47BA-A6C0-3207E8AE3E89}.Debug|Any CPU.Build.0 = Debug|Any CPU
		{90B9BDF8-0F54-47BA-A6C0-3207E8AE3E89}.Release|Any CPU.ActiveCfg = Release|Any CPU
		{90B9BDF8-0F54-47BA-A6C0-3207E8AE3E89}.Release|Any CPU.Build.0 = Release|Any CPU
		{38B96765-7607-44D3-B488-1CA936CE0BEF}.Debug|Any CPU.ActiveCfg = Debug|Any CPU
		{38B96765-7607-44D3-B488-1CA936CE0BEF}.Debug|Any CPU.Build.0 = Debug|Any CPU
		{38B96765-7607-44D3-B488-1CA936CE0BEF}.Release|Any CPU.ActiveCfg = Release|Any CPU
		{38B96765-7607-44D3-B488-1CA936CE0BEF}.Release|Any CPU.Build.0 = Release|Any CPU
		{EE2DF873-AC13-4B60-B621-C2E791BD1DD3}.Debug|Any CPU.ActiveCfg = Debug|Any CPU
		{EE2DF873-AC13-4B60-B621-C2E791BD1DD3}.Debug|Any CPU.Build.0 = Debug|Any CPU
		{EE2DF873-AC13-4B60-B621-C2E791BD1DD3}.Release|Any CPU.ActiveCfg = Release|Any CPU
		{EE2DF873-AC13-4B60-B621-C2E791BD1DD3}.Release|Any CPU.Build.0 = Release|Any CPU
		{067C87FD-062C-4250-91F5-EE4B6F013246}.Debug|Any CPU.ActiveCfg = Debug|Any CPU
		{067C87FD-062C-4250-91F5-EE4B6F013246}.Debug|Any CPU.Build.0 = Debug|Any CPU
		{067C87FD-062C-4250-91F5-EE4B6F013246}.Release|Any CPU.ActiveCfg = Release|Any CPU
		{067C87FD-062C-4250-91F5-EE4B6F013246}.Release|Any CPU.Build.0 = Release|Any CPU
		{414BF694-6B83-4B84-B6C2-E20364547FF6}.Debug|Any CPU.ActiveCfg = Debug|Any CPU
		{414BF694-6B83-4B84-B6C2-E20364547FF6}.Debug|Any CPU.Build.0 = Debug|Any CPU
		{414BF694-6B83-4B84-B6C2-E20364547FF6}.Release|Any CPU.ActiveCfg = Release|Any CPU
		{414BF694-6B83-4B84-B6C2-E20364547FF6}.Release|Any CPU.Build.0 = Release|Any CPU
		{2638108C-EA55-4DCB-AA50-040E0CC252CF}.Debug|Any CPU.ActiveCfg = Debug|Any CPU
		{2638108C-EA55-4DCB-AA50-040E0CC252CF}.Debug|Any CPU.Build.0 = Debug|Any CPU
		{2638108C-EA55-4DCB-AA50-040E0CC252CF}.Release|Any CPU.ActiveCfg = Release|Any CPU
		{2638108C-EA55-4DCB-AA50-040E0CC252CF}.Release|Any CPU.Build.0 = Release|Any CPU
		{F4753C3B-D366-4C0C-8DA6-D6A8E8F51CD1}.Debug|Any CPU.ActiveCfg = Debug|Any CPU
		{F4753C3B-D366-4C0C-8DA6-D6A8E8F51CD1}.Debug|Any CPU.Build.0 = Debug|Any CPU
		{F4753C3B-D366-4C0C-8DA6-D6A8E8F51CD1}.Release|Any CPU.ActiveCfg = Release|Any CPU
		{F4753C3B-D366-4C0C-8DA6-D6A8E8F51CD1}.Release|Any CPU.Build.0 = Release|Any CPU
	EndGlobalSection
	GlobalSection(NestedProjects) = preSolution
		{24636B26-47C2-4318-A927-26415FD4F432} = {01E9C8D4-630F-4D9E-B1FF-F1F2451CE6CD}
		{82C36CFA-DEB4-4B3C-ADF6-80BD1AC81D13} = {01E9C8D4-630F-4D9E-B1FF-F1F2451CE6CD}
		{71ED1A0C-3B19-44AD-8CC6-A45BE7B9B77C} = {7BC6470E-74BA-400F-B19B-B354592FC379}
		{C8910B47-DDD7-4876-B613-0A4FD7D4B139} = {0220A88D-6BD5-435F-92C1-B2E29E5B3C2A}
		{04080524-59C5-4E8C-BBAE-2809E6F49759} = {0220A88D-6BD5-435F-92C1-B2E29E5B3C2A}
		{895564E5-A9BD-47C0-BD6A-4BD074CEF791} = {0220A88D-6BD5-435F-92C1-B2E29E5B3C2A}
		{BAD5F863-E2B9-46FB-9251-C5E30C380BF2} = {0220A88D-6BD5-435F-92C1-B2E29E5B3C2A}
		{A8167489-44EC-4C46-A96A-7A22DF2F5CCA} = {0577B3E8-EB9F-4D51-BCE6-CFED3D24086C}
		{B9288202-7636-4EB2-A823-1F3213BEDCCD} = {0577B3E8-EB9F-4D51-BCE6-CFED3D24086C}
		{77576308-3C08-4B79-A23C-A2273921FC5F} = {0577B3E8-EB9F-4D51-BCE6-CFED3D24086C}
		{915BB4C0-8C77-4294-9848-8D631F981EE1} = {0577B3E8-EB9F-4D51-BCE6-CFED3D24086C}
		{15989C3F-10DB-4F2B-9A82-98AD32B3DD42} = {0577B3E8-EB9F-4D51-BCE6-CFED3D24086C}
		{EC7BA3C2-5409-467E-A827-FADA072DE286} = {0577B3E8-EB9F-4D51-BCE6-CFED3D24086C}
		{5D0170D4-8935-4A74-90FA-BD19024AF0FD} = {0577B3E8-EB9F-4D51-BCE6-CFED3D24086C}
		{20224C6B-F93B-45B0-A9DC-B28A4D486A8B} = {0577B3E8-EB9F-4D51-BCE6-CFED3D24086C}
		{90B9BDF8-0F54-47BA-A6C0-3207E8AE3E89} = {F629B4D7-8A0E-4A4F-A228-1F5652656FD3}
		{38B96765-7607-44D3-B488-1CA936CE0BEF} = {F629B4D7-8A0E-4A4F-A228-1F5652656FD3}
		{EE2DF873-AC13-4B60-B621-C2E791BD1DD3} = {F629B4D7-8A0E-4A4F-A228-1F5652656FD3}
		{067C87FD-062C-4250-91F5-EE4B6F013246} = {F629B4D7-8A0E-4A4F-A228-1F5652656FD3}
		{414BF694-6B83-4B84-B6C2-E20364547FF6} = {F629B4D7-8A0E-4A4F-A228-1F5652656FD3}
		{2638108C-EA55-4DCB-AA50-040E0CC252CF} = {F629B4D7-8A0E-4A4F-A228-1F5652656FD3}
		{F4753C3B-D366-4C0C-8DA6-D6A8E8F51CD1} = {F629B4D7-8A0E-4A4F-A228-1F5652656FD3}
	EndGlobalSection
EndGlobal
